
Microsoft Visual Studio Solution File, Format Version 12.00
# Visual Studio Version 17
VisualStudioVersion = 17.4.33213.308
MinimumVisualStudioVersion = 10.0.40219.1
Project("{FAE04EC0-301F-11D3-BF4B-00C04F79EFBC}") = "VisualProgramming_LAB8", "VisualProgramming_LAB8\VisualProgramming_LAB8.csproj", "{A75A01DC-D05D-4964-B192-98785B4DD179}"
EndProject
Global
	GlobalSection(SolutionConfigurationPlatforms) = preSolution
		Debug|Any CPU = Debug|Any CPU
		Release|Any CPU = Release|Any CPU
	EndGlobalSection
	GlobalSection(ProjectConfigurationPlatforms) = postSolution
		{A75A01DC-D05D-4964-B192-98785B4DD179}.Debug|Any CPU.ActiveCfg = Debug|Any CPU
		{A75A01DC-D05D-4964-B192-98785B4DD179}.Debug|Any CPU.Build.0 = Debug|Any CPU
		{A75A01DC-D05D-4964-B192-98785B4DD179}.Release|Any CPU.ActiveCfg = Release|Any CPU
		{A75A01DC-D05D-4964-B192-98785B4DD179}.Release|Any CPU.Build.0 = Release|Any CPU
	EndGlobalSection
	GlobalSection(SolutionProperties) = preSolution
		HideSolutionNode = FALSE
	EndGlobalSection
	GlobalSection(ExtensibilityGlobals) = postSolution
		SolutionGuid = {F09F2E33-DF0D-4170-B0CE-E56584432222}
	EndGlobalSection
EndGlobal
